
Microsoft Visual Studio Solution File, Format Version 12.00
# Visual Studio Version 16
VisualStudioVersion = 16.0.33801.447
MinimumVisualStudioVersion = 10.0.40219.1
Project("{FAE04EC0-301F-11D3-BF4B-00C04F79EFBC}") = "QLNhaHang_APIs", "QLNhaHang_APIs\QLNhaHang_APIs.csproj", "{6CBB3DA6-0290-4C70-8AC6-0EE9FBD10944}"
EndProject
Global
	GlobalSection(SolutionConfigurationPlatforms) = preSolution
		Debug|Any CPU = Debug|Any CPU
		Release|Any CPU = Release|Any CPU
	EndGlobalSection
	GlobalSection(ProjectConfigurationPlatforms) = postSolution
		{6CBB3DA6-0290-4C70-8AC6-0EE9FBD10944}.Debug|Any CPU.ActiveCfg = Debug|Any CPU
		{6CBB3DA6-0290-4C70-8AC6-0EE9FBD10944}.Debug|Any CPU.Build.0 = Debug|Any CPU
		{6CBB3DA6-0290-4C70-8AC6-0EE9FBD10944}.Release|Any CPU.ActiveCfg = Release|Any CPU
		{6CBB3DA6-0290-4C70-8AC6-0EE9FBD10944}.Release|Any CPU.Build.0 = Release|Any CPU
	EndGlobalSection
	GlobalSection(SolutionProperties) = preSolution
		HideSolutionNode = FALSE
	EndGlobalSection
	GlobalSection(ExtensibilityGlobals) = postSolution
		SolutionGuid = {FF25F0D1-7F2F-4593-BAEB-B6D5375056C1}
	EndGlobalSection
EndGlobal
